
Microsoft Visual Studio Solution File, Format Version 12.00
# Visual Studio Version 16
VisualStudioVersion = 16.0.31702.278
MinimumVisualStudioVersion = 10.0.40219.1
Project("{FAE04EC0-301F-11D3-BF4B-00C04F79EFBC}") = "EducacionVirtual", "EducacionVirtual\EducacionVirtual.csproj", "{F8D1572F-CD48-475D-B53B-BC762A931CE1}"
EndProject
Global
	GlobalSection(SolutionConfigurationPlatforms) = preSolution
		Debug|Any CPU = Debug|Any CPU
		Release|Any CPU = Release|Any CPU
	EndGlobalSection
	GlobalSection(ProjectConfigurationPlatforms) = postSolution
		{F8D1572F-CD48-475D-B53B-BC762A931CE1}.Debug|Any CPU.ActiveCfg = Debug|Any CPU
		{F8D1572F-CD48-475D-B53B-BC762A931CE1}.Debug|Any CPU.Build.0 = Debug|Any CPU
		{F8D1572F-CD48-475D-B53B-BC762A931CE1}.Release|Any CPU.ActiveCfg = Release|Any CPU
		{F8D1572F-CD48-475D-B53B-BC762A931CE1}.Release|Any CPU.Build.0 = Release|Any CPU
	EndGlobalSection
	GlobalSection(SolutionProperties) = preSolution
		HideSolutionNode = FALSE
	EndGlobalSection
	GlobalSection(ExtensibilityGlobals) = postSolution
		SolutionGuid = {C5B85E8C-7F02-459D-A456-BC002B4C0C10}
	EndGlobalSection
EndGlobal
